
Microsoft Visual Studio Solution File, Format Version 12.00
# Visual Studio Version 16
VisualStudioVersion = 25.0.1705.2
MinimumVisualStudioVersion = 10.0.40219.1
Project("{FAE04EC0-301F-11D3-BF4B-00C04F79EFBC}") = "WindowTitle", "WindowTitle.csproj", "{EFBEB3AA-E40F-40D7-8B23-21B8A58C322B}"
EndProject
Global
	GlobalSection(SolutionConfigurationPlatforms) = preSolution
		Debug|Any CPU = Debug|Any CPU
		Release|Any CPU = Release|Any CPU
	EndGlobalSection
	GlobalSection(ProjectConfigurationPlatforms) = postSolution
		{EFBEB3AA-E40F-40D7-8B23-21B8A58C322B}.Debug|Any CPU.ActiveCfg = Debug|Any CPU
		{EFBEB3AA-E40F-40D7-8B23-21B8A58C322B}.Debug|Any CPU.Build.0 = Debug|Any CPU
		{EFBEB3AA-E40F-40D7-8B23-21B8A58C322B}.Release|Any CPU.ActiveCfg = Release|Any CPU
		{EFBEB3AA-E40F-40D7-8B23-21B8A58C322B}.Release|Any CPU.Build.0 = Release|Any CPU
	EndGlobalSection
	GlobalSection(SolutionProperties) = preSolution
		HideSolutionNode = FALSE
	EndGlobalSection
	GlobalSection(ExtensibilityGlobals) = postSolution
		SolutionGuid = {7AB4C344-5123-4452-81C2-AC015745E896}
	EndGlobalSection
EndGlobal
